
Microsoft Visual Studio Solution File, Format Version 12.00
# Visual Studio Version 17
VisualStudioVersion = 17.9.34723.18
MinimumVisualStudioVersion = 10.0.40219.1
Project("{9A19103F-16F7-4668-BE54-9A1E7A4F7556}") = "auth-server", "auth-server\auth-server.csproj", "{64763C7B-2A12-4479-AF71-360172E05358}"
EndProject
Project("{9A19103F-16F7-4668-BE54-9A1E7A4F7556}") = "authenticated-api", "auth-client\authenticated-api.csproj", "{7B830BC2-745B-4541-898A-33F0D44E5234}"
EndProject
Project("{9A19103F-16F7-4668-BE54-9A1E7A4F7556}") = "auth-mvc-client", "auth-mvc-client\auth-mvc-client.csproj", "{E6D45272-12CB-4D13-9838-4D963E87E48E}"
EndProject
Project("{2150E333-8FDC-42A3-9474-1A3956D46DE8}") = "Authentication Server", "Authentication Server", "{D8FC64C5-1554-48E0-B74D-C0AA7217EB6E}"
EndProject
Project("{2150E333-8FDC-42A3-9474-1A3956D46DE8}") = "Protected Api", "Protected Api", "{B0BA3D45-B4B2-44C3-8E5B-D5D77144257A}"
EndProject
Project("{2150E333-8FDC-42A3-9474-1A3956D46DE8}") = "Web Client", "Web Client", "{397FA78C-12CC-4F3F-8AF4-DCA7201BE2BA}"
EndProject
Project("{9A19103F-16F7-4668-BE54-9A1E7A4F7556}") = "auth-server.service", "auth-server.service\auth-server.service.csproj", "{F2454314-9F28-4387-87E9-3898E4A38D50}"
EndProject
Project("{9A19103F-16F7-4668-BE54-9A1E7A4F7556}") = "auth-client.domain", "auth-client.domain\auth-client.domain\auth-client.domain.csproj", "{5F94E49E-5DC5-4D2E-8F22-D0D025F2C721}"
EndProject
Project("{9A19103F-16F7-4668-BE54-9A1E7A4F7556}") = "auth-client.infrastructure", "auth-client.infrastructure\auth-client.infrastructure\auth-client.infrastructure.csproj", "{39C1280A-6EED-4C54-BD37-515F975F8878}"
EndProject
Project("{9A19103F-16F7-4668-BE54-9A1E7A4F7556}") = "auth-client.service", "auth-client.service\auth-client.service\auth-client.service.csproj", "{A5C5A4F7-D00D-4766-9427-87821CDBE1E6}"
EndProject
Project("{FAE04EC0-301F-11D3-BF4B-00C04F79EFBC}") = "auth-mvc-client.httpservice", "auth-mvc-client.httpservice\auth-mvc-client.httpservice\auth-mvc-client.httpservice.csproj", "{38FACB59-ABB4-4DDF-B59C-78D634FEFA21}"
EndProject
Global
	GlobalSection(SolutionConfigurationPlatforms) = preSolution
		Debug|Any CPU = Debug|Any CPU
		Release|Any CPU = Release|Any CPU
	EndGlobalSection
	GlobalSection(ProjectConfigurationPlatforms) = postSolution
		{64763C7B-2A12-4479-AF71-360172E05358}.Debug|Any CPU.ActiveCfg = Debug|Any CPU
		{64763C7B-2A12-4479-AF71-360172E05358}.Debug|Any CPU.Build.0 = Debug|Any CPU
		{64763C7B-2A12-4479-AF71-360172E05358}.Release|Any CPU.ActiveCfg = Release|Any CPU
		{64763C7B-2A12-4479-AF71-360172E05358}.Release|Any CPU.Build.0 = Release|Any CPU
		{7B830BC2-745B-4541-898A-33F0D44E5234}.Debug|Any CPU.ActiveCfg = Debug|Any CPU
		{7B830BC2-745B-4541-898A-33F0D44E5234}.Debug|Any CPU.Build.0 = Debug|Any CPU
		{7B830BC2-745B-4541-898A-33F0D44E5234}.Release|Any CPU.ActiveCfg = Release|Any CPU
		{7B830BC2-745B-4541-898A-33F0D44E5234}.Release|Any CPU.Build.0 = Release|Any CPU
		{E6D45272-12CB-4D13-9838-4D963E87E48E}.Debug|Any CPU.ActiveCfg = Debug|Any CPU
		{E6D45272-12CB-4D13-9838-4D963E87E48E}.Debug|Any CPU.Build.0 = Debug|Any CPU
		{E6D45272-12CB-4D13-9838-4D963E87E48E}.Release|Any CPU.ActiveCfg = Release|Any CPU
		{E6D45272-12CB-4D13-9838-4D963E87E48E}.Release|Any CPU.Build.0 = Release|Any CPU
		{F2454314-9F28-4387-87E9-3898E4A38D50}.Debug|Any CPU.ActiveCfg = Debug|Any CPU
		{F2454314-9F28-4387-87E9-3898E4A38D50}.Debug|Any CPU.Build.0 = Debug|Any CPU
		{F2454314-9F28-4387-87E9-3898E4A38D50}.Release|Any CPU.ActiveCfg = Release|Any CPU
		{F2454314-9F28-4387-87E9-3898E4A38D50}.Release|Any CPU.Build.0 = Release|Any CPU
		{5F94E49E-5DC5-4D2E-8F22-D0D025F2C721}.Debug|Any CPU.ActiveCfg = Debug|Any CPU
		{5F94E49E-5DC5-4D2E-8F22-D0D025F2C721}.Debug|Any CPU.Build.0 = Debug|Any CPU
		{5F94E49E-5DC5-4D2E-8F22-D0D025F2C721}.Release|Any CPU.ActiveCfg = Release|Any CPU
		{5F94E49E-5DC5-4D2E-8F22-D0D025F2C721}.Release|Any CPU.Build.0 = Release|Any CPU
		{39C1280A-6EED-4C54-BD37-515F975F8878}.Debug|Any CPU.ActiveCfg = Debug|Any CPU
		{39C1280A-6EED-4C54-BD37-515F975F8878}.Debug|Any CPU.Build.0 = Debug|Any CPU
		{39C1280A-6EED-4C54-BD37-515F975F8878}.Release|Any CPU.ActiveCfg = Release|Any CPU
		{39C1280A-6EED-4C54-BD37-515F975F8878}.Release|Any CPU.Build.0 = Release|Any CPU
		{A5C5A4F7-D00D-4766-9427-87821CDBE1E6}.Debug|Any CPU.ActiveCfg = Debug|Any CPU
		{A5C5A4F7-D00D-4766-9427-87821CDBE1E6}.Debug|Any CPU.Build.0 = Debug|Any CPU
		{A5C5A4F7-D00D-4766-9427-87821CDBE1E6}.Release|Any CPU.ActiveCfg = Release|Any CPU
		{A5C5A4F7-D00D-4766-9427-87821CDBE1E6}.Release|Any CPU.Build.0 = Release|Any CPU
		{38FACB59-ABB4-4DDF-B59C-78D634FEFA21}.Debug|Any CPU.ActiveCfg = Debug|Any CPU
		{38FACB59-ABB4-4DDF-B59C-78D634FEFA21}.Debug|Any CPU.Build.0 = Debug|Any CPU
		{38FACB59-ABB4-4DDF-B59C-78D634FEFA21}.Release|Any CPU.ActiveCfg = Release|Any CPU
		{38FACB59-ABB4-4DDF-B59C-78D634FEFA21}.Release|Any CPU.Build.0 = Release|Any CPU
	EndGlobalSection
	GlobalSection(SolutionProperties) = preSolution
		HideSolutionNode = FALSE
	EndGlobalSection
	GlobalSection(NestedProjects) = preSolution
		{64763C7B-2A12-4479-AF71-360172E05358} = {D8FC64C5-1554-48E0-B74D-C0AA7217EB6E}
		{7B830BC2-745B-4541-898A-33F0D44E5234} = {B0BA3D45-B4B2-44C3-8E5B-D5D77144257A}
		{E6D45272-12CB-4D13-9838-4D963E87E48E} = {397FA78C-12CC-4F3F-8AF4-DCA7201BE2BA}
		{F2454314-9F28-4387-87E9-3898E4A38D50} = {D8FC64C5-1554-48E0-B74D-C0AA7217EB6E}
		{5F94E49E-5DC5-4D2E-8F22-D0D025F2C721} = {B0BA3D45-B4B2-44C3-8E5B-D5D77144257A}
		{39C1280A-6EED-4C54-BD37-515F975F8878} = {B0BA3D45-B4B2-44C3-8E5B-D5D77144257A}
		{A5C5A4F7-D00D-4766-9427-87821CDBE1E6} = {B0BA3D45-B4B2-44C3-8E5B-D5D77144257A}
		{38FACB59-ABB4-4DDF-B59C-78D634FEFA21} = {397FA78C-12CC-4F3F-8AF4-DCA7201BE2BA}
	EndGlobalSection
	GlobalSection(ExtensibilityGlobals) = postSolution
		SolutionGuid = {3BA4B2F3-29CB-4782-8026-60AB690AE3B6}
	EndGlobalSection
EndGlobal
